// !$*UTF8*$!
{
	archiveVersion = 1;
	classes = {
	};
	objectVersion = 50;
	objects = {

/* Begin PBXBuildFile section */
		8F5CCCEB24CF26430039A531 /* README.md in Resources */ = {isa = PBXBuildFile; fileRef = 8F5CCCEA24CF26420039A531 /* README.md */; };
		8F5CCCED24CF269B0039A531 /* CustomTextLabel.swift in Sources */ = {isa = PBXBuildFile; fileRef = 8F5CCCEC24CF269B0039A531 /* CustomTextLabel.swift */; };
		8F5CCCEF24CF2A930039A531 /* LICENSE in Resources */ = {isa = PBXBuildFile; fileRef = 8F5CCCEE24CF2A930039A531 /* LICENSE */; };
		8F5CCCF124CF30800039A531 /* CustomTextPosition.swift in Sources */ = {isa = PBXBuildFile; fileRef = 8F5CCCF024CF30800039A531 /* CustomTextPosition.swift */; };
		8F5CCCF424CF3C9D0039A531 /* CustomTextRange.swift in Sources */ = {isa = PBXBuildFile; fileRef = 8F5CCCF324CF3C9D0039A531 /* CustomTextRange.swift */; };
		8F9CF98D24CB5FB7001EFBF3 /* AppDelegate.swift in Sources */ = {isa = PBXBuildFile; fileRef = 8F9CF98C24CB5FB7001EFBF3 /* AppDelegate.swift */; };
		8F9CF98F24CB5FB7001EFBF3 /* SceneDelegate.swift in Sources */ = {isa = PBXBuildFile; fileRef = 8F9CF98E24CB5FB7001EFBF3 /* SceneDelegate.swift */; };
		8F9CF99124CB5FB7001EFBF3 /* ViewController.swift in Sources */ = {isa = PBXBuildFile; fileRef = 8F9CF99024CB5FB7001EFBF3 /* ViewController.swift */; };
		8F9CF99424CB5FB7001EFBF3 /* Main.storyboard in Resources */ = {isa = PBXBuildFile; fileRef = 8F9CF99224CB5FB7001EFBF3 /* Main.storyboard */; };
		8F9CF99624CB5FB7001EFBF3 /* Assets.xcassets in Resources */ = {isa = PBXBuildFile; fileRef = 8F9CF99524CB5FB7001EFBF3 /* Assets.xcassets */; };
		8F9CF99924CB5FB7001EFBF3 /* LaunchScreen.storyboard in Resources */ = {isa = PBXBuildFile; fileRef = 8F9CF99724CB5FB7001EFBF3 /* LaunchScreen.storyboard */; };
		8F9CF9A424CB5FB7001EFBF3 /* UITextInteractionExampleUITests.swift in Sources */ = {isa = PBXBuildFile; fileRef = 8F9CF9A324CB5FB7001EFBF3 /* UITextInteractionExampleUITests.swift */; };
/* End PBXBuildFile section */

/* Begin PBXContainerItemProxy section */
		8F9CF9A024CB5FB7001EFBF3 /* PBXContainerItemProxy */ = {
			isa = PBXContainerItemProxy;
			containerPortal = 8F9CF98124CB5FB7001EFBF3 /* Project object */;
			proxyType = 1;
			remoteGlobalIDString = 8F9CF98824CB5FB7001EFBF3;
			remoteInfo = UITextInteractionExample;
		};
/* End PBXContainerItemProxy section */

/* Begin PBXFileReference section */
		8F5CCCEA24CF26420039A531 /* README.md */ = {isa = PBXFileReference; fileEncoding = 4; lastKnownFileType = net.daringfireball.markdown; path = README.md; sourceTree = "<group>"; };
		8F5CCCEC24CF269B0039A531 /* CustomTextLabel.swift */ = {isa = PBXFileReference; lastKnownFileType = sourcecode.swift; path = CustomTextLabel.swift; sourceTree = "<group>"; };
		8F5CCCEE24CF2A930039A531 /* LICENSE */ = {isa = PBXFileReference; fileEncoding = 4; lastKnownFileType = text; path = LICENSE; sourceTree = "<group>"; };
		8F5CCCF024CF30800039A531 /* CustomTextPosition.swift */ = {isa = PBXFileReference; lastKnownFileType = sourcecode.swift; path = CustomTextPosition.swift; sourceTree = "<group>"; };
		8F5CCCF324CF3C9D0039A531 /* CustomTextRange.swift */ = {isa = PBXFileReference; lastKnownFileType = sourcecode.swift; path = CustomTextRange.swift; sourceTree = "<group>"; };
		8F9CF98924CB5FB7001EFBF3 /* UITextInteractionExample.app */ = {isa = PBXFileReference; explicitFileType = wrapper.application; includeInIndex = 0; path = UITextInteractionExample.app; sourceTree = BUILT_PRODUCTS_DIR; };
		8F9CF98C24CB5FB7001EFBF3 /* AppDelegate.swift */ = {isa = PBXFileReference; lastKnownFileType = sourcecode.swift; path = AppDelegate.swift; sourceTree = "<group>"; };
		8F9CF98E24CB5FB7001EFBF3 /* SceneDelegate.swift */ = {isa = PBXFileReference; lastKnownFileType = sourcecode.swift; path = SceneDelegate.swift; sourceTree = "<group>"; };
		8F9CF99024CB5FB7001EFBF3 /* ViewController.swift */ = {isa = PBXFileReference; lastKnownFileType = sourcecode.swift; path = ViewController.swift; sourceTree = "<group>"; };
		8F9CF99324CB5FB7001EFBF3 /* Base */ = {isa = PBXFileReference; lastKnownFileType = file.storyboard; name = Base; path = Base.lproj/Main.storyboard; sourceTree = "<group>"; };
		8F9CF99524CB5FB7001EFBF3 /* Assets.xcassets */ = {isa = PBXFileReference; lastKnownFileType = folder.assetcatalog; path = Assets.xcassets; sourceTree = "<group>"; };
		8F9CF99824CB5FB7001EFBF3 /* Base */ = {isa = PBXFileReference; lastKnownFileType = file.storyboard; name = Base; path = Base.lproj/LaunchScreen.storyboard; sourceTree = "<group>"; };
		8F9CF99A24CB5FB7001EFBF3 /* Info.plist */ = {isa = PBXFileReference; lastKnownFileType = text.plist.xml; path = Info.plist; sourceTree = "<group>"; };
		8F9CF99F24CB5FB7001EFBF3 /* UITextInteractionExampleUITests.xctest */ = {isa = PBXFileReference; explicitFileType = wrapper.cfbundle; includeInIndex = 0; path = UITextInteractionExampleUITests.xctest; sourceTree = BUILT_PRODUCTS_DIR; };
		8F9CF9A324CB5FB7001EFBF3 /* UITextInteractionExampleUITests.swift */ = {isa = PBXFileReference; lastKnownFileType = sourcecode.swift; path = UITextInteractionExampleUITests.swift; sourceTree = "<group>"; };
		8F9CF9A524CB5FB7001EFBF3 /* Info.plist */ = {isa = PBXFileReference; lastKnownFileType = text.plist.xml; path = Info.plist; sourceTree = "<group>"; };
/* End PBXFileReference section */

/* Begin PBXFrameworksBuildPhase section */
		8F9CF98624CB5FB7001EFBF3 /* Frameworks */ = {
			isa = PBXFrameworksBuildPhase;
			buildActionMask = 2147483647;
			files = (
			);
			runOnlyForDeploymentPostprocessing = 0;
		};
		8F9CF99C24CB5FB7001EFBF3 /* Frameworks */ = {
			isa = PBXFrameworksBuildPhase;
			buildActionMask = 2147483647;
			files = (
			);
			runOnlyForDeploymentPostprocessing = 0;
		};
/* End PBXFrameworksBuildPhase section */

/* Begin PBXGroup section */
		8F9CF98024CB5FB7001EFBF3 = {
			isa = PBXGroup;
			children = (
				8F5CCCEA24CF26420039A531 /* README.md */,
				8F5CCCEE24CF2A930039A531 /* LICENSE */,
				8F9CF98B24CB5FB7001EFBF3 /* UITextInteractionExample */,
				8F9CF9A224CB5FB7001EFBF3 /* UITextInteractionExampleUITests */,
				8F9CF98A24CB5FB7001EFBF3 /* Products */,
			);
			sourceTree = "<group>";
		};
		8F9CF98A24CB5FB7001EFBF3 /* Products */ = {
			isa = PBXGroup;
			children = (
				8F9CF98924CB5FB7001EFBF3 /* UITextInteractionExample.app */,
				8F9CF99F24CB5FB7001EFBF3 /* UITextInteractionExampleUITests.xctest */,
			);
			name = Products;
			sourceTree = "<group>";
		};
		8F9CF98B24CB5FB7001EFBF3 /* UITextInteractionExample */ = {
			isa = PBXGroup;
			children = (
				8F9CF98C24CB5FB7001EFBF3 /* AppDelegate.swift */,
				8F9CF98E24CB5FB7001EFBF3 /* SceneDelegate.swift */,
				8F9CF99024CB5FB7001EFBF3 /* ViewController.swift */,
				8F5CCCEC24CF269B0039A531 /* CustomTextLabel.swift */,
				8F5CCCF024CF30800039A531 /* CustomTextPosition.swift */,
				8F5CCCF324CF3C9D0039A531 /* CustomTextRange.swift */,
				8F9CF99224CB5FB7001EFBF3 /* Main.storyboard */,
				8F9CF99524CB5FB7001EFBF3 /* Assets.xcassets */,
				8F9CF99724CB5FB7001EFBF3 /* LaunchScreen.storyboard */,
				8F9CF99A24CB5FB7001EFBF3 /* Info.plist */,
			);
			path = UITextInteractionExample;
			sourceTree = "<group>";
		};
		8F9CF9A224CB5FB7001EFBF3 /* UITextInteractionExampleUITests */ = {
			isa = PBXGroup;
			children = (
				8F9CF9A324CB5FB7001EFBF3 /* UITextInteractionExampleUITests.swift */,
				8F9CF9A524CB5FB7001EFBF3 /* Info.plist */,
			);
			path = UITextInteractionExampleUITests;
			sourceTree = "<group>";
		};
/* End PBXGroup section */

/* Begin PBXNativeTarget section */
		8F9CF98824CB5FB7001EFBF3 /* UITextInteractionExample */ = {
			isa = PBXNativeTarget;
			buildConfigurationList = 8F9CF9A824CB5FB7001EFBF3 /* Build configuration list for PBXNativeTarget "UITextInteractionExample" */;
			buildPhases = (
				8F9CF98524CB5FB7001EFBF3 /* Sources */,
				8F9CF98624CB5FB7001EFBF3 /* Frameworks */,
				8F9CF98724CB5FB7001EFBF3 /* Resources */,
			);
			buildRules = (
			);
			dependencies = (
			);
			name = UITextInteractionExample;
			productName = UITextInteractionExample;
			productReference = 8F9CF98924CB5FB7001EFBF3 /* UITextInteractionExample.app */;
			productType = "com.apple.product-type.application";
		};
		8F9CF99E24CB5FB7001EFBF3 /* UITextInteractionExampleUITests */ = {
			isa = PBXNativeTarget;
			buildConfigurationList = 8F9CF9AB24CB5FB7001EFBF3 /* Build configuration list for PBXNativeTarget "UITextInteractionExampleUITests" */;
			buildPhases = (
				8F9CF99B24CB5FB7001EFBF3 /* Sources */,
				8F9CF99C24CB5FB7001EFBF3 /* Frameworks */,
				8F9CF99D24CB5FB7001EFBF3 /* Resources */,
			);
			buildRules = (
			);
			dependencies = (
				8F9CF9A124CB5FB7001EFBF3 /* PBXTargetDependency */,
			);
			name = UITextInteractionExampleUITests;
			productName = UITextInteractionExampleUITests;
			productReference = 8F9CF99F24CB5FB7001EFBF3 /* UITextInteractionExampleUITests.xctest */;
			productType = "com.apple.product-type.bundle.ui-testing";
		};
/* End PBXNativeTarget section */

/* Begin PBXProject section */
		8F9CF98124CB5FB7001EFBF3 /* Project object */ = {
			isa = PBXProject;
			attributes = {
				LastSwiftUpdateCheck = 1140;
				LastUpgradeCheck = 1140;
				ORGANIZATIONNAME = "Mark A Vitale";
				TargetAttributes = {
					8F9CF98824CB5FB7001EFBF3 = {
						CreatedOnToolsVersion = 11.4.1;
					};
					8F9CF99E24CB5FB7001EFBF3 = {
						CreatedOnToolsVersion = 11.4.1;
						TestTargetID = 8F9CF98824CB5FB7001EFBF3;
					};
				};
			};
			buildConfigurationList = 8F9CF98424CB5FB7001EFBF3 /* Build configuration list for PBXProject "UITextInteractionExample" */;
			compatibilityVersion = "Xcode 9.3";
			developmentRegion = en;
			hasScannedForEncodings = 0;
			knownRegions = (
				en,
				Base,
			);
			mainGroup = 8F9CF98024CB5FB7001EFBF3;
			productRefGroup = 8F9CF98A24CB5FB7001EFBF3 /* Products */;
			projectDirPath = "";
			projectRoot = "";
			targets = (
				8F9CF98824CB5FB7001EFBF3 /* UITextInteractionExample */,
				8F9CF99E24CB5FB7001EFBF3 /* UITextInteractionExampleUITests */,
			);
		};
/* End PBXProject section */

/* Begin PBXResourcesBuildPhase section */
		8F9CF98724CB5FB7001EFBF3 /* Resources */ = {
			isa = PBXResourcesBuildPhase;
			buildActionMask = 2147483647;
			files = (
				8F9CF99924CB5FB7001EFBF3 /* LaunchScreen.storyboard in Resources */,
				8F9CF99624CB5FB7001EFBF3 /* Assets.xcassets in Resources */,
				8F5CCCEB24CF26430039A531 /* README.md in Resources */,
				8F9CF99424CB5FB7001EFBF3 /* Main.storyboard in Resources */,
				8F5CCCEF24CF2A930039A531 /* LICENSE in Resources */,
			);
			runOnlyForDeploymentPostprocessing = 0;
		};
		8F9CF99D24CB5FB7001EFBF3 /* Resources */ = {
			isa = PBXResourcesBuildPhase;
			buildActionMask = 2147483647;
			files = (
			);
			runOnlyForDeploymentPostprocessing = 0;
		};
/* End PBXResourcesBuildPhase section */

/* Begin PBXSourcesBuildPhase section */
		8F9CF98524CB5FB7001EFBF3 /* Sources */ = {
			isa = PBXSourcesBuildPhase;
			buildActionMask = 2147483647;
			files = (
				8F9CF99124CB5FB7001EFBF3 /* ViewController.swift in Sources */,
				8F9CF98D24CB5FB7001EFBF3 /* AppDelegate.swift in Sources */,
				8F5CCCF124CF30800039A531 /* CustomTextPosition.swift in Sources */,
				8F5CCCF424CF3C9D0039A531 /* CustomTextRange.swift in Sources */,
				8F9CF98F24CB5FB7001EFBF3 /* SceneDelegate.swift in Sources */,
				8F5CCCED24CF269B0039A531 /* CustomTextLabel.swift in Sources */,
			);
			runOnlyForDeploymentPostprocessing = 0;
		};
		8F9CF99B24CB5FB7001EFBF3 /* Sources */ = {
			isa = PBXSourcesBuildPhase;
			buildActionMask = 2147483647;
			files = (
				8F9CF9A424CB5FB7001EFBF3 /* UITextInteractionExampleUITests.swift in Sources */,
			);
			runOnlyForDeploymentPostprocessing = 0;
		};
/* End PBXSourcesBuildPhase section */

/* Begin PBXTargetDependency section */
		8F9CF9A124CB5FB7001EFBF3 /* PBXTargetDependency */ = {
			isa = PBXTargetDependency;
			target = 8F9CF98824CB5FB7001EFBF3 /* UITextInteractionExample */;
			targetProxy = 8F9CF9A024CB5FB7001EFBF3 /* PBXContainerItemProxy */;
		};
/* End PBXTargetDependency section */

/* Begin PBXVariantGroup section */
		8F9CF99224CB5FB7001EFBF3 /* Main.storyboard */ = {
			isa = PBXVariantGroup;
			children = (
				8F9CF99324CB5FB7001EFBF3 /* Base */,
			);
			name = Main.storyboard;
			sourceTree = "<group>";
		};
		8F9CF99724CB5FB7001EFBF3 /* LaunchScreen.storyboard */ = {
			isa = PBXVariantGroup;
			children = (
				8F9CF99824CB5FB7001EFBF3 /* Base */,
			);
			name = LaunchScreen.storyboard;
			sourceTree = "<group>";
		};
/* End PBXVariantGroup section */

/* Begin XCBuildConfiguration section */
		8F9CF9A624CB5FB7001EFBF3 /* Debug */ = {
			isa = XCBuildConfiguration;
			buildSettings = {
				ALWAYS_SEARCH_USER_PATHS = NO;
				CLANG_ANALYZER_NONNULL = YES;
				CLANG_ANALYZER_NUMBER_OBJECT_CONVERSION = YES_AGGRESSIVE;
				CLANG_CXX_LANGUAGE_STANDARD = "gnu++14";
				CLANG_CXX_LIBRARY = "libc++";
				CLANG_ENABLE_MODULES = YES;
				CLANG_ENABLE_OBJC_ARC = YES;
				CLANG_ENABLE_OBJC_WEAK = YES;
				CLANG_WARN_BLOCK_CAPTURE_AUTORELEASING = YES;
				CLANG_WARN_BOOL_CONVERSION = YES;
				CLANG_WARN_COMMA = YES;
				CLANG_WARN_CONSTANT_CONVERSION = YES;
				CLANG_WARN_DEPRECATED_OBJC_IMPLEMENTATIONS = YES;
				CLANG_WARN_DIRECT_OBJC_ISA_USAGE = YES_ERROR;
				CLANG_WARN_DOCUMENTATION_COMMENTS = YES;
				CLANG_WARN_EMPTY_BODY = YES;
				CLANG_WARN_ENUM_CONVERSION = YES;
				CLANG_WARN_INFINITE_RECURSION = YES;
				CLANG_WARN_INT_CONVERSION = YES;
				CLANG_WARN_NON_LITERAL_NULL_CONVERSION = YES;
				CLANG_WARN_OBJC_IMPLICIT_RETAIN_SELF = YES;
				CLANG_WARN_OBJC_LITERAL_CONVERSION = YES;
				CLANG_WARN_OBJC_ROOT_CLASS = YES_ERROR;
				CLANG_WARN_RANGE_LOOP_ANALYSIS = YES;
				CLANG_WARN_STRICT_PROTOTYPES = YES;
				CLANG_WARN_SUSPICIOUS_MOVE = YES;
				CLANG_WARN_UNGUARDED_AVAILABILITY = YES_AGGRESSIVE;
				CLANG_WARN_UNREACHABLE_CODE = YES;
				CLANG_WARN__DUPLICATE_METHOD_MATCH = YES;
				COPY_PHASE_STRIP = NO;
				DEBUG_INFORMATION_FORMAT = dwarf;
				ENABLE_STRICT_OBJC_MSGSEND = YES;
				ENABLE_TESTABILITY = YES;
				GCC_C_LANGUAGE_STANDARD = gnu11;
				GCC_DYNAMIC_NO_PIC = NO;
				GCC_NO_COMMON_BLOCKS = YES;
				GCC_OPTIMIZATION_LEVEL = 0;
				GCC_PREPROCESSOR_DEFINITIONS = (
					"DEBUG=1",
					"$(inherited)",
				);
				GCC_WARN_64_TO_32_BIT_CONVERSION = YES;
				GCC_WARN_ABOUT_RETURN_TYPE = YES_ERROR;
				GCC_WARN_UNDECLARED_SELECTOR = YES;
				GCC_WARN_UNINITIALIZED_AUTOS = YES_AGGRESSIVE;
				GCC_WARN_UNUSED_FUNCTION = YES;
				GCC_WARN_UNUSED_VARIABLE = YES;
				IPHONEOS_DEPLOYMENT_TARGET = 13.4;
				MTL_ENABLE_DEBUG_INFO = INCLUDE_SOURCE;
				MTL_FAST_MATH = YES;
				ONLY_ACTIVE_ARCH = YES;
				SDKROOT = iphoneos;
				SWIFT_ACTIVE_COMPILATION_CONDITIONS = DEBUG;
				SWIFT_OPTIMIZATION_LEVEL = "-Onone";
			};
			name = Debug;
		};
		8F9CF9A724CB5FB7001EFBF3 /* Release */ = {
			isa = XCBuildConfiguration;
			buildSettings = {
				ALWAYS_SEARCH_USER_PATHS = NO;
				CLANG_ANALYZER_NONNULL = YES;
				CLANG_ANALYZER_NUMBER_OBJECT_CONVERSION = YES_AGGRESSIVE;
				CLANG_CXX_LANGUAGE_STANDARD = "gnu++14";
				CLANG_CXX_LIBRARY = "libc++";
				CLANG_ENABLE_MODULES = YES;
				CLANG_ENABLE_OBJC_ARC = YES;
				CLANG_ENABLE_OBJC_WEAK = YES;
				CLANG_WARN_BLOCK_CAPTURE_AUTORELEASING = YES;
				CLANG_WARN_BOOL_CONVERSION = YES;
				CLANG_WARN_COMMA = YES;
				CLANG_WARN_CONSTANT_CONVERSION = YES;
				CLANG_WARN_DEPRECATED_OBJC_IMPLEMENTATIONS = YES;
				CLANG_WARN_DIRECT_OBJC_ISA_USAGE = YES_ERROR;
				CLANG_WARN_DOCUMENTATION_COMMENTS = YES;
				CLANG_WARN_EMPTY_BODY = YES;
				CLANG_WARN_ENUM_CONVERSION = YES;
				CLANG_WARN_INFINITE_RECURSION = YES;
				CLANG_WARN_INT_CONVERSION = YES;
				CLANG_WARN_NON_LITERAL_NULL_CONVERSION = YES;
				CLANG_WARN_OBJC_IMPLICIT_RETAIN_SELF = YES;
				CLANG_WARN_OBJC_LITERAL_CONVERSION = YES;
				CLANG_WARN_OBJC_ROOT_CLASS = YES_ERROR;
				CLANG_WARN_RANGE_LOOP_ANALYSIS = YES;
				CLANG_WARN_STRICT_PROTOTYPES = YES;
				CLANG_WARN_SUSPICIOUS_MOVE = YES;
				CLANG_WARN_UNGUARDED_AVAILABILITY = YES_AGGRESSIVE;
				CLANG_WARN_UNREACHABLE_CODE = YES;
				CLANG_WARN__DUPLICATE_METHOD_MATCH = YES;
				COPY_PHASE_STRIP = NO;
				DEBUG_INFORMATION_FORMAT = "dwarf-with-dsym";
				ENABLE_NS_ASSERTIONS = NO;
				ENABLE_STRICT_OBJC_MSGSEND = YES;
				GCC_C_LANGUAGE_STANDARD = gnu11;
				GCC_NO_COMMON_BLOCKS = YES;
				GCC_WARN_64_TO_32_BIT_CONVERSION = YES;
				GCC_WARN_ABOUT_RETURN_TYPE = YES_ERROR;
				GCC_WARN_UNDECLARED_SELECTOR = YES;
				GCC_WARN_UNINITIALIZED_AUTOS = YES_AGGRESSIVE;
				GCC_WARN_UNUSED_FUNCTION = YES;
				GCC_WARN_UNUSED_VARIABLE = YES;
				IPHONEOS_DEPLOYMENT_TARGET = 13.4;
				MTL_ENABLE_DEBUG_INFO = NO;
				MTL_FAST_MATH = YES;
				SDKROOT = iphoneos;
				SWIFT_COMPILATION_MODE = wholemodule;
				SWIFT_OPTIMIZATION_LEVEL = "-O";
				VALIDATE_PRODUCT = YES;
			};
			name = Release;
		};
		8F9CF9A924CB5FB7001EFBF3 /* Debug */ = {
			isa = XCBuildConfiguration;
			buildSettings = {
				ASSETCATALOG_COMPILER_APPICON_NAME = AppIcon;
				CODE_SIGN_STYLE = Automatic;
				INFOPLIST_FILE = UITextInteractionExample/Info.plist;
				LD_RUNPATH_SEARCH_PATHS = (
					"$(inherited)",
					"@executable_path/Frameworks",
				);
				PRODUCT_BUNDLE_IDENTIFIER = com.markavitale.UITextInteractionExample;
				PRODUCT_NAME = "$(TARGET_NAME)";
				SWIFT_VERSION = 5.0;
				TARGETED_DEVICE_FAMILY = "1,2";
			};
			name = Debug;
		};
		8F9CF9AA24CB5FB7001EFBF3 /* Release */ = {
			isa = XCBuildConfiguration;
			buildSettings = {
				ASSETCATALOG_COMPILER_APPICON_NAME = AppIcon;
				CODE_SIGN_STYLE = Automatic;
				INFOPLIST_FILE = UITextInteractionExample/Info.plist;
				LD_RUNPATH_SEARCH_PATHS = (
					"$(inherited)",
					"@executable_path/Frameworks",
				);
				PRODUCT_BUNDLE_IDENTIFIER = com.markavitale.UITextInteractionExample;
				PRODUCT_NAME = "$(TARGET_NAME)";
				SWIFT_VERSION = 5.0;
				TARGETED_DEVICE_FAMILY = "1,2";
			};
			name = Release;
		};
		8F9CF9AC24CB5FB7001EFBF3 /* Debug */ = {
			isa = XCBuildConfiguration;
			buildSettings = {
				ALWAYS_EMBED_SWIFT_STANDARD_LIBRARIES = YES;
				CODE_SIGN_STYLE = Automatic;
				INFOPLIST_FILE = UITextInteractionExampleUITests/Info.plist;
				LD_RUNPATH_SEARCH_PATHS = (
					"$(inherited)",
					"@executable_path/Frameworks",
					"@loader_path/Frameworks",
				);
				PRODUCT_BUNDLE_IDENTIFIER = com.markavitale.UITextInteractionExampleUITests;
				PRODUCT_NAME = "$(TARGET_NAME)";
				SWIFT_VERSION = 5.0;
				TARGETED_DEVICE_FAMILY = "1,2";
				TEST_TARGET_NAME = UITextInteractionExample;
			};
			name = Debug;
		};
		8F9CF9AD24CB5FB7001EFBF3 /* Release */ = {
			isa = XCBuildConfiguration;
			buildSettings = {
				ALWAYS_EMBED_SWIFT_STANDARD_LIBRARIES = YES;
				CODE_SIGN_STYLE = Automatic;
				INFOPLIST_FILE = UITextInteractionExampleUITests/Info.plist;
				LD_RUNPATH_SEARCH_PATHS = (
					"$(inherited)",
					"@executable_path/Frameworks",
					"@loader_path/Frameworks",
				);
				PRODUCT_BUNDLE_IDENTIFIER = com.markavitale.UITextInteractionExampleUITests;
				PRODUCT_NAME = "$(TARGET_NAME)";
				SWIFT_VERSION = 5.0;
				TARGETED_DEVICE_FAMILY = "1,2";
				TEST_TARGET_NAME = UITextInteractionExample;
			};
			name = Release;
		};
/* End XCBuildConfiguration section */

/* Begin XCConfigurationList section */
		8F9CF98424CB5FB7001EFBF3 /* Build configuration list for PBXProject "UITextInteractionExample" */ = {
			isa = XCConfigurationList;
			buildConfigurations = (
				8F9CF9A624CB5FB7001EFBF3 /* Debug */,
				8F9CF9A724CB5FB7001EFBF3 /* Release */,
			);
			defaultConfigurationIsVisible = 0;
			defaultConfigurationName = Release;
		};
		8F9CF9A824CB5FB7001EFBF3 /* Build configuration list for PBXNativeTarget "UITextInteractionExample" */ = {
			isa = XCConfigurationList;
			buildConfigurations = (
				8F9CF9A924CB5FB7001EFBF3 /* Debug */,
				8F9CF9AA24CB5FB7001EFBF3 /* Release */,
			);
			defaultConfigurationIsVisible = 0;
			defaultConfigurationName = Release;
		};
		8F9CF9AB24CB5FB7001EFBF3 /* Build configuration list for PBXNativeTarget "UITextInteractionExampleUITests" */ = {
			isa = XCConfigurationList;
			buildConfigurations = (
				8F9CF9AC24CB5FB7001EFBF3 /* Debug */,
				8F9CF9AD24CB5FB7001EFBF3 /* Release */,
			);
			defaultConfigurationIsVisible = 0;
			defaultConfigurationName = Release;
		};
/* End XCConfigurationList section */
	};
	rootObject = 8F9CF98124CB5FB7001EFBF3 /* Project object */;
}
